// !$*UTF8*$!
{
	archiveVersion = 1;
	classes = {
	};
	objectVersion = 51;
	objects = {

/* Begin PBXBuildFile section */
		22AF722DFAE10C1AE2047943 /* Pods_PocketLibrary.framework in Frameworks */ = {isa = PBXBuildFile; fileRef = 1B156CB37ED9D4EF23C41DA8 /* Pods_PocketLibrary.framework */; };
		DF00D56226D3CE29006CF435 /* NewUserProtocol.swift in Sources */ = {isa = PBXBuildFile; fileRef = DF00D56126D3CE29006CF435 /* NewUserProtocol.swift */; };
		DFD1E7DD26C5207700AAAADC /* AppDelegate.swift in Sources */ = {isa = PBXBuildFile; fileRef = DFD1E7DC26C5207700AAAADC /* AppDelegate.swift */; };
		DFD1E7DF26C5207700AAAADC /* SceneDelegate.swift in Sources */ = {isa = PBXBuildFile; fileRef = DFD1E7DE26C5207700AAAADC /* SceneDelegate.swift */; };
		DFD1E7E126C5207700AAAADC /* ViewController.swift in Sources */ = {isa = PBXBuildFile; fileRef = DFD1E7E026C5207700AAAADC /* ViewController.swift */; };
		DFD1E7E626C5207A00AAAADC /* Assets.xcassets in Resources */ = {isa = PBXBuildFile; fileRef = DFD1E7E526C5207A00AAAADC /* Assets.xcassets */; };
		DFD1E7E926C5207A00AAAADC /* LaunchScreen.storyboard in Resources */ = {isa = PBXBuildFile; fileRef = DFD1E7E726C5207A00AAAADC /* LaunchScreen.storyboard */; };
		DFD1E7F126C5321900AAAADC /* LoginController.swift in Sources */ = {isa = PBXBuildFile; fileRef = DFD1E7F026C5321900AAAADC /* LoginController.swift */; };
		DFD1E7F326C5327200AAAADC /* LoginView.swift in Sources */ = {isa = PBXBuildFile; fileRef = DFD1E7F226C5327200AAAADC /* LoginView.swift */; };
		DFD1E7F526C6B2DC00AAAADC /* RegistrationView.swift in Sources */ = {isa = PBXBuildFile; fileRef = DFD1E7F426C6B2DC00AAAADC /* RegistrationView.swift */; };
		DFD1E7F726C6B8F000AAAADC /* Models.swift in Sources */ = {isa = PBXBuildFile; fileRef = DFD1E7F626C6B8F000AAAADC /* Models.swift */; };
		DFD1E7F926C6BE0900AAAADC /* RegistrationController.swift in Sources */ = {isa = PBXBuildFile; fileRef = DFD1E7F826C6BE0900AAAADC /* RegistrationController.swift */; };
/* End PBXBuildFile section */

/* Begin PBXFileReference section */
		1B156CB37ED9D4EF23C41DA8 /* Pods_PocketLibrary.framework */ = {isa = PBXFileReference; explicitFileType = wrapper.framework; includeInIndex = 0; path = Pods_PocketLibrary.framework; sourceTree = BUILT_PRODUCTS_DIR; };
		32CC83EC6DEB525983F9633F /* Pods-PocketLibrary.debug.xcconfig */ = {isa = PBXFileReference; includeInIndex = 1; lastKnownFileType = text.xcconfig; name = "Pods-PocketLibrary.debug.xcconfig"; path = "Target Support Files/Pods-PocketLibrary/Pods-PocketLibrary.debug.xcconfig"; sourceTree = "<group>"; };
		6169E1E6C5FB625EADD6F3AD /* Pods-PocketLibrary.release.xcconfig */ = {isa = PBXFileReference; includeInIndex = 1; lastKnownFileType = text.xcconfig; name = "Pods-PocketLibrary.release.xcconfig"; path = "Target Support Files/Pods-PocketLibrary/Pods-PocketLibrary.release.xcconfig"; sourceTree = "<group>"; };
		DF00D56126D3CE29006CF435 /* NewUserProtocol.swift */ = {isa = PBXFileReference; lastKnownFileType = sourcecode.swift; path = NewUserProtocol.swift; sourceTree = "<group>"; };
		DFD1E7D926C5207700AAAADC /* PocketLibrary.app */ = {isa = PBXFileReference; explicitFileType = wrapper.application; includeInIndex = 0; path = PocketLibrary.app; sourceTree = BUILT_PRODUCTS_DIR; };
		DFD1E7DC26C5207700AAAADC /* AppDelegate.swift */ = {isa = PBXFileReference; lastKnownFileType = sourcecode.swift; path = AppDelegate.swift; sourceTree = "<group>"; };
		DFD1E7DE26C5207700AAAADC /* SceneDelegate.swift */ = {isa = PBXFileReference; lastKnownFileType = sourcecode.swift; path = SceneDelegate.swift; sourceTree = "<group>"; };
		DFD1E7E026C5207700AAAADC /* ViewController.swift */ = {isa = PBXFileReference; lastKnownFileType = sourcecode.swift; path = ViewController.swift; sourceTree = "<group>"; };
		DFD1E7E526C5207A00AAAADC /* Assets.xcassets */ = {isa = PBXFileReference; lastKnownFileType = folder.assetcatalog; path = Assets.xcassets; sourceTree = "<group>"; };
		DFD1E7E826C5207A00AAAADC /* Base */ = {isa = PBXFileReference; lastKnownFileType = file.storyboard; name = Base; path = Base.lproj/LaunchScreen.storyboard; sourceTree = "<group>"; };
		DFD1E7EA26C5207A00AAAADC /* Info.plist */ = {isa = PBXFileReference; lastKnownFileType = text.plist.xml; path = Info.plist; sourceTree = "<group>"; };
		DFD1E7F026C5321900AAAADC /* LoginController.swift */ = {isa = PBXFileReference; lastKnownFileType = sourcecode.swift; path = LoginController.swift; sourceTree = "<group>"; };
		DFD1E7F226C5327200AAAADC /* LoginView.swift */ = {isa = PBXFileReference; lastKnownFileType = sourcecode.swift; path = LoginView.swift; sourceTree = "<group>"; };
		DFD1E7F426C6B2DC00AAAADC /* RegistrationView.swift */ = {isa = PBXFileReference; lastKnownFileType = sourcecode.swift; path = RegistrationView.swift; sourceTree = "<group>"; };
		DFD1E7F626C6B8F000AAAADC /* Models.swift */ = {isa = PBXFileReference; lastKnownFileType = sourcecode.swift; path = Models.swift; sourceTree = "<group>"; };
		DFD1E7F826C6BE0900AAAADC /* RegistrationController.swift */ = {isa = PBXFileReference; lastKnownFileType = sourcecode.swift; path = RegistrationController.swift; sourceTree = "<group>"; };
/* End PBXFileReference section */

/* Begin PBXFrameworksBuildPhase section */
		DFD1E7D626C5207700AAAADC /* Frameworks */ = {
			isa = PBXFrameworksBuildPhase;
			buildActionMask = 2147483647;
			files = (
				22AF722DFAE10C1AE2047943 /* Pods_PocketLibrary.framework in Frameworks */,
			);
			runOnlyForDeploymentPostprocessing = 0;
		};
/* End PBXFrameworksBuildPhase section */

/* Begin PBXGroup section */
		39020144ECDE5D3437391C6A /* Frameworks */ = {
			isa = PBXGroup;
			children = (
				1B156CB37ED9D4EF23C41DA8 /* Pods_PocketLibrary.framework */,
			);
			name = Frameworks;
			sourceTree = "<group>";
		};
		DFD1E7D026C5207700AAAADC = {
			isa = PBXGroup;
			children = (
				DFD1E7DB26C5207700AAAADC /* PocketLibrary */,
				DFD1E7DA26C5207700AAAADC /* Products */,
				F3304B05E3E2B9462A414E71 /* Pods */,
				39020144ECDE5D3437391C6A /* Frameworks */,
			);
			sourceTree = "<group>";
		};
		DFD1E7DA26C5207700AAAADC /* Products */ = {
			isa = PBXGroup;
			children = (
				DFD1E7D926C5207700AAAADC /* PocketLibrary.app */,
			);
			name = Products;
			sourceTree = "<group>";
		};
		DFD1E7DB26C5207700AAAADC /* PocketLibrary */ = {
			isa = PBXGroup;
			children = (
				DFD1E7DC26C5207700AAAADC /* AppDelegate.swift */,
				DFD1E7DE26C5207700AAAADC /* SceneDelegate.swift */,
				DFD1E7E026C5207700AAAADC /* ViewController.swift */,
				DFD1E7F026C5321900AAAADC /* LoginController.swift */,
				DFD1E7F226C5327200AAAADC /* LoginView.swift */,
				DFD1E7F826C6BE0900AAAADC /* RegistrationController.swift */,
				DFD1E7F426C6B2DC00AAAADC /* RegistrationView.swift */,
				DFD1E7E526C5207A00AAAADC /* Assets.xcassets */,
				DFD1E7E726C5207A00AAAADC /* LaunchScreen.storyboard */,
				DFD1E7EA26C5207A00AAAADC /* Info.plist */,
				DFD1E7F626C6B8F000AAAADC /* Models.swift */,
				DF00D56126D3CE29006CF435 /* NewUserProtocol.swift */,
			);
			path = PocketLibrary;
			sourceTree = "<group>";
		};
		F3304B05E3E2B9462A414E71 /* Pods */ = {
			isa = PBXGroup;
			children = (
				32CC83EC6DEB525983F9633F /* Pods-PocketLibrary.debug.xcconfig */,
				6169E1E6C5FB625EADD6F3AD /* Pods-PocketLibrary.release.xcconfig */,
			);
			path = Pods;
			sourceTree = "<group>";
		};
/* End PBXGroup section */

/* Begin PBXNativeTarget section */
		DFD1E7D826C5207700AAAADC /* PocketLibrary */ = {
			isa = PBXNativeTarget;
			buildConfigurationList = DFD1E7ED26C5207A00AAAADC /* Build configuration list for PBXNativeTarget "PocketLibrary" */;
			buildPhases = (
				272483B096CC1C3EEF29D420 /* [CP] Check Pods Manifest.lock */,
				DFD1E7D526C5207700AAAADC /* Sources */,
				DFD1E7D626C5207700AAAADC /* Frameworks */,
				DFD1E7D726C5207700AAAADC /* Resources */,
				D2436DE9D9D61E9F06F87A74 /* [CP] Embed Pods Frameworks */,
			);
			buildRules = (
			);
			dependencies = (
			);
			name = PocketLibrary;
			productName = PocketLibrary;
			productReference = DFD1E7D926C5207700AAAADC /* PocketLibrary.app */;
			productType = "com.apple.product-type.application";
		};
/* End PBXNativeTarget section */

/* Begin PBXProject section */
		DFD1E7D126C5207700AAAADC /* Project object */ = {
			isa = PBXProject;
			attributes = {
				LastSwiftUpdateCheck = 1250;
				LastUpgradeCheck = 1250;
				TargetAttributes = {
					DFD1E7D826C5207700AAAADC = {
						CreatedOnToolsVersion = 12.5.1;
					};
				};
			};
			buildConfigurationList = DFD1E7D426C5207700AAAADC /* Build configuration list for PBXProject "PocketLibrary" */;
			compatibilityVersion = "Xcode 9.3";
			developmentRegion = en;
			hasScannedForEncodings = 0;
			knownRegions = (
				en,
				Base,
			);
			mainGroup = DFD1E7D026C5207700AAAADC;
			productRefGroup = DFD1E7DA26C5207700AAAADC /* Products */;
			projectDirPath = "";
			projectRoot = "";
			targets = (
				DFD1E7D826C5207700AAAADC /* PocketLibrary */,
			);
		};
/* End PBXProject section */

/* Begin PBXResourcesBuildPhase section */
		DFD1E7D726C5207700AAAADC /* Resources */ = {
			isa = PBXResourcesBuildPhase;
			buildActionMask = 2147483647;
			files = (
				DFD1E7E926C5207A00AAAADC /* LaunchScreen.storyboard in Resources */,
				DFD1E7E626C5207A00AAAADC /* Assets.xcassets in Resources */,
			);
			runOnlyForDeploymentPostprocessing = 0;
		};
/* End PBXResourcesBuildPhase section */

/* Begin PBXShellScriptBuildPhase section */
		272483B096CC1C3EEF29D420 /* [CP] Check Pods Manifest.lock */ = {
			isa = PBXShellScriptBuildPhase;
			buildActionMask = 2147483647;
			files = (
			);
			inputFileListPaths = (
			);
			inputPaths = (
				"${PODS_PODFILE_DIR_PATH}/Podfile.lock",
				"${PODS_ROOT}/Manifest.lock",
			);
			name = "[CP] Check Pods Manifest.lock";
			outputFileListPaths = (
			);
			outputPaths = (
				"$(DERIVED_FILE_DIR)/Pods-PocketLibrary-checkManifestLockResult.txt",
			);
			runOnlyForDeploymentPostprocessing = 0;
			shellPath = /bin/sh;
			shellScript = "diff \"${PODS_PODFILE_DIR_PATH}/Podfile.lock\" \"${PODS_ROOT}/Manifest.lock\" > /dev/null\nif [ $? != 0 ] ; then\n    # print error to STDERR\n    echo \"error: The sandbox is not in sync with the Podfile.lock. Run 'pod install' or update your CocoaPods installation.\" >&2\n    exit 1\nfi\n# This output is used by Xcode 'outputs' to avoid re-running this script phase.\necho \"SUCCESS\" > \"${SCRIPT_OUTPUT_FILE_0}\"\n";
			showEnvVarsInLog = 0;
		};
		D2436DE9D9D61E9F06F87A74 /* [CP] Embed Pods Frameworks */ = {
			isa = PBXShellScriptBuildPhase;
			buildActionMask = 2147483647;
			files = (
			);
			inputFileListPaths = (
				"${PODS_ROOT}/Target Support Files/Pods-PocketLibrary/Pods-PocketLibrary-frameworks-${CONFIGURATION}-input-files.xcfilelist",
			);
			name = "[CP] Embed Pods Frameworks";
			outputFileListPaths = (
				"${PODS_ROOT}/Target Support Files/Pods-PocketLibrary/Pods-PocketLibrary-frameworks-${CONFIGURATION}-output-files.xcfilelist",
			);
			runOnlyForDeploymentPostprocessing = 0;
			shellPath = /bin/sh;
			shellScript = "\"${PODS_ROOT}/Target Support Files/Pods-PocketLibrary/Pods-PocketLibrary-frameworks.sh\"\n";
			showEnvVarsInLog = 0;
		};
/* End PBXShellScriptBuildPhase section */

/* Begin PBXSourcesBuildPhase section */
		DFD1E7D526C5207700AAAADC /* Sources */ = {
			isa = PBXSourcesBuildPhase;
			buildActionMask = 2147483647;
			files = (
				DFD1E7E126C5207700AAAADC /* ViewController.swift in Sources */,
				DFD1E7F126C5321900AAAADC /* LoginController.swift in Sources */,
				DFD1E7DD26C5207700AAAADC /* AppDelegate.swift in Sources */,
				DFD1E7F526C6B2DC00AAAADC /* RegistrationView.swift in Sources */,
				DFD1E7F326C5327200AAAADC /* LoginView.swift in Sources */,
				DF00D56226D3CE29006CF435 /* NewUserProtocol.swift in Sources */,
				DFD1E7DF26C5207700AAAADC /* SceneDelegate.swift in Sources */,
				DFD1E7F926C6BE0900AAAADC /* RegistrationController.swift in Sources */,
				DFD1E7F726C6B8F000AAAADC /* Models.swift in Sources */,
			);
			runOnlyForDeploymentPostprocessing = 0;
		};
/* End PBXSourcesBuildPhase section */

/* Begin PBXVariantGroup section */
		DFD1E7E726C5207A00AAAADC /* LaunchScreen.storyboard */ = {
			isa = PBXVariantGroup;
			children = (
				DFD1E7E826C5207A00AAAADC /* Base */,
			);
			name = LaunchScreen.storyboard;
			sourceTree = "<group>";
		};
/* End PBXVariantGroup section */

/* Begin XCBuildConfiguration section */
		DFD1E7EB26C5207A00AAAADC /* Debug */ = {
			isa = XCBuildConfiguration;
			buildSettings = {
				ALWAYS_SEARCH_USER_PATHS = NO;
				CLANG_ANALYZER_NONNULL = YES;
				CLANG_ANALYZER_NUMBER_OBJECT_CONVERSION = YES_AGGRESSIVE;
				CLANG_CXX_LANGUAGE_STANDARD = "gnu++14";
				CLANG_CXX_LIBRARY = "libc++";
				CLANG_ENABLE_MODULES = YES;
				CLANG_ENABLE_OBJC_ARC = YES;
				CLANG_ENABLE_OBJC_WEAK = YES;
				CLANG_WARN_BLOCK_CAPTURE_AUTORELEASING = YES;
				CLANG_WARN_BOOL_CONVERSION = YES;
				CLANG_WARN_COMMA = YES;
				CLANG_WARN_CONSTANT_CONVERSION = YES;
				CLANG_WARN_DEPRECATED_OBJC_IMPLEMENTATIONS = YES;
				CLANG_WARN_DIRECT_OBJC_ISA_USAGE = YES_ERROR;
				CLANG_WARN_DOCUMENTATION_COMMENTS = YES;
				CLANG_WARN_EMPTY_BODY = YES;
				CLANG_WARN_ENUM_CONVERSION = YES;
				CLANG_WARN_INFINITE_RECURSION = YES;
				CLANG_WARN_INT_CONVERSION = YES;
				CLANG_WARN_NON_LITERAL_NULL_CONVERSION = YES;
				CLANG_WARN_OBJC_IMPLICIT_RETAIN_SELF = YES;
				CLANG_WARN_OBJC_LITERAL_CONVERSION = YES;
				CLANG_WARN_OBJC_ROOT_CLASS = YES_ERROR;
				CLANG_WARN_QUOTED_INCLUDE_IN_FRAMEWORK_HEADER = YES;
				CLANG_WARN_RANGE_LOOP_ANALYSIS = YES;
				CLANG_WARN_STRICT_PROTOTYPES = YES;
				CLANG_WARN_SUSPICIOUS_MOVE = YES;
				CLANG_WARN_UNGUARDED_AVAILABILITY = YES_AGGRESSIVE;
				CLANG_WARN_UNREACHABLE_CODE = YES;
				CLANG_WARN__DUPLICATE_METHOD_MATCH = YES;
				COPY_PHASE_STRIP = NO;
				DEBUG_INFORMATION_FORMAT = dwarf;
				ENABLE_STRICT_OBJC_MSGSEND = YES;
				ENABLE_TESTABILITY = YES;
				GCC_C_LANGUAGE_STANDARD = gnu11;
				GCC_DYNAMIC_NO_PIC = NO;
				GCC_NO_COMMON_BLOCKS = YES;
				GCC_OPTIMIZATION_LEVEL = 0;
				GCC_PREPROCESSOR_DEFINITIONS = (
					"DEBUG=1",
					"$(inherited)",
				);
				GCC_WARN_64_TO_32_BIT_CONVERSION = YES;
				GCC_WARN_ABOUT_RETURN_TYPE = YES_ERROR;
				GCC_WARN_UNDECLARED_SELECTOR = YES;
				GCC_WARN_UNINITIALIZED_AUTOS = YES_AGGRESSIVE;
				GCC_WARN_UNUSED_FUNCTION = YES;
				GCC_WARN_UNUSED_VARIABLE = YES;
				IPHONEOS_DEPLOYMENT_TARGET = 14.5;
				MTL_ENABLE_DEBUG_INFO = INCLUDE_SOURCE;
				MTL_FAST_MATH = YES;
				ONLY_ACTIVE_ARCH = YES;
				SDKROOT = iphoneos;
				SWIFT_ACTIVE_COMPILATION_CONDITIONS = DEBUG;
				SWIFT_OPTIMIZATION_LEVEL = "-Onone";
			};
			name = Debug;
		};
		DFD1E7EC26C5207A00AAAADC /* Release */ = {
			isa = XCBuildConfiguration;
			buildSettings = {
				ALWAYS_SEARCH_USER_PATHS = NO;
				CLANG_ANALYZER_NONNULL = YES;
				CLANG_ANALYZER_NUMBER_OBJECT_CONVERSION = YES_AGGRESSIVE;
				CLANG_CXX_LANGUAGE_STANDARD = "gnu++14";
				CLANG_CXX_LIBRARY = "libc++";
				CLANG_ENABLE_MODULES = YES;
				CLANG_ENABLE_OBJC_ARC = YES;
				CLANG_ENABLE_OBJC_WEAK = YES;
				CLANG_WARN_BLOCK_CAPTURE_AUTORELEASING = YES;
				CLANG_WARN_BOOL_CONVERSION = YES;
				CLANG_WARN_COMMA = YES;
				CLANG_WARN_CONSTANT_CONVERSION = YES;
				CLANG_WARN_DEPRECATED_OBJC_IMPLEMENTATIONS = YES;
				CLANG_WARN_DIRECT_OBJC_ISA_USAGE = YES_ERROR;
				CLANG_WARN_DOCUMENTATION_COMMENTS = YES;
				CLANG_WARN_EMPTY_BODY = YES;
				CLANG_WARN_ENUM_CONVERSION = YES;
				CLANG_WARN_INFINITE_RECURSION = YES;
				CLANG_WARN_INT_CONVERSION = YES;
				CLANG_WARN_NON_LITERAL_NULL_CONVERSION = YES;
				CLANG_WARN_OBJC_IMPLICIT_RETAIN_SELF = YES;
				CLANG_WARN_OBJC_LITERAL_CONVERSION = YES;
				CLANG_WARN_OBJC_ROOT_CLASS = YES_ERROR;
				CLANG_WARN_QUOTED_INCLUDE_IN_FRAMEWORK_HEADER = YES;
				CLANG_WARN_RANGE_LOOP_ANALYSIS = YES;
				CLANG_WARN_STRICT_PROTOTYPES = YES;
				CLANG_WARN_SUSPICIOUS_MOVE = YES;
				CLANG_WARN_UNGUARDED_AVAILABILITY = YES_AGGRESSIVE;
				CLANG_WARN_UNREACHABLE_CODE = YES;
				CLANG_WARN__DUPLICATE_METHOD_MATCH = YES;
				COPY_PHASE_STRIP = NO;
				DEBUG_INFORMATION_FORMAT = "dwarf-with-dsym";
				ENABLE_NS_ASSERTIONS = NO;
				ENABLE_STRICT_OBJC_MSGSEND = YES;
				GCC_C_LANGUAGE_STANDARD = gnu11;
				GCC_NO_COMMON_BLOCKS = YES;
				GCC_WARN_64_TO_32_BIT_CONVERSION = YES;
				GCC_WARN_ABOUT_RETURN_TYPE = YES_ERROR;
				GCC_WARN_UNDECLARED_SELECTOR = YES;
				GCC_WARN_UNINITIALIZED_AUTOS = YES_AGGRESSIVE;
				GCC_WARN_UNUSED_FUNCTION = YES;
				GCC_WARN_UNUSED_VARIABLE = YES;
				IPHONEOS_DEPLOYMENT_TARGET = 14.5;
				MTL_ENABLE_DEBUG_INFO = NO;
				MTL_FAST_MATH = YES;
				SDKROOT = iphoneos;
				SWIFT_COMPILATION_MODE = wholemodule;
				SWIFT_OPTIMIZATION_LEVEL = "-O";
				VALIDATE_PRODUCT = YES;
			};
			name = Release;
		};
		DFD1E7EE26C5207A00AAAADC /* Debug */ = {
			isa = XCBuildConfiguration;
			baseConfigurationReference = 32CC83EC6DEB525983F9633F /* Pods-PocketLibrary.debug.xcconfig */;
			buildSettings = {
				ASSETCATALOG_COMPILER_APPICON_NAME = AppIcon;
				ASSETCATALOG_COMPILER_GLOBAL_ACCENT_COLOR_NAME = AccentColor;
				CODE_SIGN_STYLE = Automatic;
				DEVELOPMENT_TEAM = HDAGZGQ2SM;
				INFOPLIST_FILE = PocketLibrary/Info.plist;
				IPHONEOS_DEPLOYMENT_TARGET = 13.0;
				LD_RUNPATH_SEARCH_PATHS = (
					"$(inherited)",
					"@executable_path/Frameworks",
				);
				PRODUCT_BUNDLE_IDENTIFIER = Gladkov.PocketLibrary;
				PRODUCT_NAME = "$(TARGET_NAME)";
				SWIFT_VERSION = 5.0;
				TARGETED_DEVICE_FAMILY = 1;
			};
			name = Debug;
		};
		DFD1E7EF26C5207A00AAAADC /* Release */ = {
			isa = XCBuildConfiguration;
			baseConfigurationReference = 6169E1E6C5FB625EADD6F3AD /* Pods-PocketLibrary.release.xcconfig */;
			buildSettings = {
				ASSETCATALOG_COMPILER_APPICON_NAME = AppIcon;
				ASSETCATALOG_COMPILER_GLOBAL_ACCENT_COLOR_NAME = AccentColor;
				CODE_SIGN_STYLE = Automatic;
				DEVELOPMENT_TEAM = HDAGZGQ2SM;
				INFOPLIST_FILE = PocketLibrary/Info.plist;
				IPHONEOS_DEPLOYMENT_TARGET = 13.0;
				LD_RUNPATH_SEARCH_PATHS = (
					"$(inherited)",
					"@executable_path/Frameworks",
				);
				PRODUCT_BUNDLE_IDENTIFIER = Gladkov.PocketLibrary;
				PRODUCT_NAME = "$(TARGET_NAME)";
				SWIFT_VERSION = 5.0;
				TARGETED_DEVICE_FAMILY = 1;
			};
			name = Release;
		};
/* End XCBuildConfiguration section */

/* Begin XCConfigurationList section */
		DFD1E7D426C5207700AAAADC /* Build configuration list for PBXProject "PocketLibrary" */ = {
			isa = XCConfigurationList;
			buildConfigurations = (
				DFD1E7EB26C5207A00AAAADC /* Debug */,
				DFD1E7EC26C5207A00AAAADC /* Release */,
			);
			defaultConfigurationIsVisible = 0;
			defaultConfigurationName = Release;
		};
		DFD1E7ED26C5207A00AAAADC /* Build configuration list for PBXNativeTarget "PocketLibrary" */ = {
			isa = XCConfigurationList;
			buildConfigurations = (
				DFD1E7EE26C5207A00AAAADC /* Debug */,
				DFD1E7EF26C5207A00AAAADC /* Release */,
			);
			defaultConfigurationIsVisible = 0;
			defaultConfigurationName = Release;
		};
/* End XCConfigurationList section */
	};
	rootObject = DFD1E7D126C5207700AAAADC /* Project object */;
}
